
Microsoft Visual Studio Solution File, Format Version 12.00
# Visual Studio Version 17
VisualStudioVersion = 17.4.33213.308
MinimumVisualStudioVersion = 10.0.40219.1
Project("{9A19103F-16F7-4668-BE54-9A1E7A4F7556}") = "FluentLyric", "FluentLyric\FluentLyric\FluentLyric.csproj", "{2DBA7499-CFCB-4511-A4BE-6CB79172CC1F}"
EndProject
Project("{2150E333-8FDC-42A3-9474-1A3956D46DE8}") = "Packages", "Packages", "{30A3B904-EC9B-4BFC-A3BB-341DB3733C0F}"
EndProject
Project("{C7167F0D-BC9F-4E6E-AFE1-012C56B48DB5}") = "FluentLyric.Package", "FluentLyric\FluentLyric.Package\FluentLyric.Package.wapproj", "{687D823A-D59B-4C03-B1F0-0F6472E6134B}"
EndProject
Project("{2150E333-8FDC-42A3-9474-1A3956D46DE8}") = "Models", "Models", "{80602919-9FA5-4BD7-8B5F-2904E14B147E}"
EndProject
Project("{9A19103F-16F7-4668-BE54-9A1E7A4F7556}") = "FluentLyric.Models.NeteaseApi", "FluentLyric.Models.NeteaseApi\FluentLyric.Models.NeteaseApi.csproj", "{895A9453-CC79-4053-9527-72451F032578}"
EndProject
Project("{2150E333-8FDC-42A3-9474-1A3956D46DE8}") = "Helpers", "Helpers", "{4F5C25FD-8731-4487-9141-8178B21D839F}"
EndProject
Project("{9A19103F-16F7-4668-BE54-9A1E7A4F7556}") = "FluentLyric.Helpers.UI", "FluentLyric.Helpers.UI\FluentLyric.Helpers.UI.csproj", "{17646D49-6BDC-47CD-A848-589E5D4F3595}"
EndProject
Global
	GlobalSection(SolutionConfigurationPlatforms) = preSolution
		Debug|Any CPU = Debug|Any CPU
		Debug|ARM64 = Debug|ARM64
		Debug|x64 = Debug|x64
		Debug|x86 = Debug|x86
		Release|Any CPU = Release|Any CPU
		Release|ARM64 = Release|ARM64
		Release|x64 = Release|x64
		Release|x86 = Release|x86
	EndGlobalSection
	GlobalSection(ProjectConfigurationPlatforms) = postSolution
		{2DBA7499-CFCB-4511-A4BE-6CB79172CC1F}.Debug|Any CPU.ActiveCfg = Debug|x64
		{2DBA7499-CFCB-4511-A4BE-6CB79172CC1F}.Debug|Any CPU.Build.0 = Debug|x64
		{2DBA7499-CFCB-4511-A4BE-6CB79172CC1F}.Debug|ARM64.ActiveCfg = Debug|ARM64
		{2DBA7499-CFCB-4511-A4BE-6CB79172CC1F}.Debug|ARM64.Build.0 = Debug|ARM64
		{2DBA7499-CFCB-4511-A4BE-6CB79172CC1F}.Debug|x64.ActiveCfg = Debug|x64
		{2DBA7499-CFCB-4511-A4BE-6CB79172CC1F}.Debug|x64.Build.0 = Debug|x64
		{2DBA7499-CFCB-4511-A4BE-6CB79172CC1F}.Debug|x86.ActiveCfg = Debug|x86
		{2DBA7499-CFCB-4511-A4BE-6CB79172CC1F}.Debug|x86.Build.0 = Debug|x86
		{2DBA7499-CFCB-4511-A4BE-6CB79172CC1F}.Release|Any CPU.ActiveCfg = Release|x64
		{2DBA7499-CFCB-4511-A4BE-6CB79172CC1F}.Release|Any CPU.Build.0 = Release|x64
		{2DBA7499-CFCB-4511-A4BE-6CB79172CC1F}.Release|ARM64.ActiveCfg = Release|ARM64
		{2DBA7499-CFCB-4511-A4BE-6CB79172CC1F}.Release|ARM64.Build.0 = Release|ARM64
		{2DBA7499-CFCB-4511-A4BE-6CB79172CC1F}.Release|x64.ActiveCfg = Release|x64
		{2DBA7499-CFCB-4511-A4BE-6CB79172CC1F}.Release|x64.Build.0 = Release|x64
		{2DBA7499-CFCB-4511-A4BE-6CB79172CC1F}.Release|x86.ActiveCfg = Release|x86
		{2DBA7499-CFCB-4511-A4BE-6CB79172CC1F}.Release|x86.Build.0 = Release|x86
		{687D823A-D59B-4C03-B1F0-0F6472E6134B}.Debug|Any CPU.ActiveCfg = Debug|x64
		{687D823A-D59B-4C03-B1F0-0F6472E6134B}.Debug|Any CPU.Build.0 = Debug|x64
		{687D823A-D59B-4C03-B1F0-0F6472E6134B}.Debug|Any CPU.Deploy.0 = Debug|x64
		{687D823A-D59B-4C03-B1F0-0F6472E6134B}.Debug|ARM64.ActiveCfg = Debug|ARM64
		{687D823A-D59B-4C03-B1F0-0F6472E6134B}.Debug|ARM64.Build.0 = Debug|ARM64
		{687D823A-D59B-4C03-B1F0-0F6472E6134B}.Debug|ARM64.Deploy.0 = Debug|ARM64
		{687D823A-D59B-4C03-B1F0-0F6472E6134B}.Debug|x64.ActiveCfg = Debug|x64
		{687D823A-D59B-4C03-B1F0-0F6472E6134B}.Debug|x64.Build.0 = Debug|x64
		{687D823A-D59B-4C03-B1F0-0F6472E6134B}.Debug|x64.Deploy.0 = Debug|x64
		{687D823A-D59B-4C03-B1F0-0F6472E6134B}.Debug|x86.ActiveCfg = Debug|x86
		{687D823A-D59B-4C03-B1F0-0F6472E6134B}.Debug|x86.Build.0 = Debug|x86
		{687D823A-D59B-4C03-B1F0-0F6472E6134B}.Debug|x86.Deploy.0 = Debug|x86
		{687D823A-D59B-4C03-B1F0-0F6472E6134B}.Release|Any CPU.ActiveCfg = Release|x64
		{687D823A-D59B-4C03-B1F0-0F6472E6134B}.Release|Any CPU.Build.0 = Release|x64
		{687D823A-D59B-4C03-B1F0-0F6472E6134B}.Release|Any CPU.Deploy.0 = Release|x64
		{687D823A-D59B-4C03-B1F0-0F6472E6134B}.Release|ARM64.ActiveCfg = Release|ARM64
		{687D823A-D59B-4C03-B1F0-0F6472E6134B}.Release|ARM64.Build.0 = Release|ARM64
		{687D823A-D59B-4C03-B1F0-0F6472E6134B}.Release|ARM64.Deploy.0 = Release|ARM64
		{687D823A-D59B-4C03-B1F0-0F6472E6134B}.Release|x64.ActiveCfg = Release|x64
		{687D823A-D59B-4C03-B1F0-0F6472E6134B}.Release|x64.Build.0 = Release|x64
		{687D823A-D59B-4C03-B1F0-0F6472E6134B}.Release|x64.Deploy.0 = Release|x64
		{687D823A-D59B-4C03-B1F0-0F6472E6134B}.Release|x86.ActiveCfg = Release|x86
		{687D823A-D59B-4C03-B1F0-0F6472E6134B}.Release|x86.Build.0 = Release|x86
		{687D823A-D59B-4C03-B1F0-0F6472E6134B}.Release|x86.Deploy.0 = Release|x86
		{895A9453-CC79-4053-9527-72451F032578}.Debug|Any CPU.ActiveCfg = Debug|Any CPU
		{895A9453-CC79-4053-9527-72451F032578}.Debug|Any CPU.Build.0 = Debug|Any CPU
		{895A9453-CC79-4053-9527-72451F032578}.Debug|ARM64.ActiveCfg = Debug|Any CPU
		{895A9453-CC79-4053-9527-72451F032578}.Debug|ARM64.Build.0 = Debug|Any CPU
		{895A9453-CC79-4053-9527-72451F032578}.Debug|x64.ActiveCfg = Debug|Any CPU
		{895A9453-CC79-4053-9527-72451F032578}.Debug|x64.Build.0 = Debug|Any CPU
		{895A9453-CC79-4053-9527-72451F032578}.Debug|x86.ActiveCfg = Debug|Any CPU
		{895A9453-CC79-4053-9527-72451F032578}.Debug|x86.Build.0 = Debug|Any CPU
		{895A9453-CC79-4053-9527-72451F032578}.Release|Any CPU.ActiveCfg = Release|Any CPU
		{895A9453-CC79-4053-9527-72451F032578}.Release|Any CPU.Build.0 = Release|Any CPU
		{895A9453-CC79-4053-9527-72451F032578}.Release|ARM64.ActiveCfg = Release|Any CPU
		{895A9453-CC79-4053-9527-72451F032578}.Release|ARM64.Build.0 = Release|Any CPU
		{895A9453-CC79-4053-9527-72451F032578}.Release|x64.ActiveCfg = Release|Any CPU
		{895A9453-CC79-4053-9527-72451F032578}.Release|x64.Build.0 = Release|Any CPU
		{895A9453-CC79-4053-9527-72451F032578}.Release|x86.ActiveCfg = Release|Any CPU
		{895A9453-CC79-4053-9527-72451F032578}.Release|x86.Build.0 = Release|Any CPU
		{17646D49-6BDC-47CD-A848-589E5D4F3595}.Debug|Any CPU.ActiveCfg = Debug|Any CPU
		{17646D49-6BDC-47CD-A848-589E5D4F3595}.Debug|Any CPU.Build.0 = Debug|Any CPU
		{17646D49-6BDC-47CD-A848-589E5D4F3595}.Debug|ARM64.ActiveCfg = Debug|Any CPU
		{17646D49-6BDC-47CD-A848-589E5D4F3595}.Debug|ARM64.Build.0 = Debug|Any CPU
		{17646D49-6BDC-47CD-A848-589E5D4F3595}.Debug|x64.ActiveCfg = Debug|Any CPU
		{17646D49-6BDC-47CD-A848-589E5D4F3595}.Debug|x64.Build.0 = Debug|Any CPU
		{17646D49-6BDC-47CD-A848-589E5D4F3595}.Debug|x86.ActiveCfg = Debug|Any CPU
		{17646D49-6BDC-47CD-A848-589E5D4F3595}.Debug|x86.Build.0 = Debug|Any CPU
		{17646D49-6BDC-47CD-A848-589E5D4F3595}.Release|Any CPU.ActiveCfg = Release|Any CPU
		{17646D49-6BDC-47CD-A848-589E5D4F3595}.Release|Any CPU.Build.0 = Release|Any CPU
		{17646D49-6BDC-47CD-A848-589E5D4F3595}.Release|ARM64.ActiveCfg = Release|Any CPU
		{17646D49-6BDC-47CD-A848-589E5D4F3595}.Release|ARM64.Build.0 = Release|Any CPU
		{17646D49-6BDC-47CD-A848-589E5D4F3595}.Release|x64.ActiveCfg = Release|Any CPU
		{17646D49-6BDC-47CD-A848-589E5D4F3595}.Release|x64.Build.0 = Release|Any CPU
		{17646D49-6BDC-47CD-A848-589E5D4F3595}.Release|x86.ActiveCfg = Release|Any CPU
		{17646D49-6BDC-47CD-A848-589E5D4F3595}.Release|x86.Build.0 = Release|Any CPU
	EndGlobalSection
	GlobalSection(SolutionProperties) = preSolution
		HideSolutionNode = FALSE
	EndGlobalSection
	GlobalSection(NestedProjects) = preSolution
		{687D823A-D59B-4C03-B1F0-0F6472E6134B} = {30A3B904-EC9B-4BFC-A3BB-341DB3733C0F}
		{895A9453-CC79-4053-9527-72451F032578} = {80602919-9FA5-4BD7-8B5F-2904E14B147E}
		{17646D49-6BDC-47CD-A848-589E5D4F3595} = {4F5C25FD-8731-4487-9141-8178B21D839F}
	EndGlobalSection
	GlobalSection(ExtensibilityGlobals) = postSolution
		SolutionGuid = {A3FC3EC0-FC59-46AC-818D-811A79C85E24}
	EndGlobalSection
EndGlobal
